{
  "version": 4,
  "terraform_version": "1.7.5",
  "serial": 24,
  "lineage": "d20f79e8-1677-6ba0-9676-5250bfb0cc91",
  "outputs": {},
  "resources": [
    {
      "mode": "managed",
      "type": "aws_eip",
      "name": "nat_ip",
      "provider": "provider[\"registry.terraform.io/hashicorp/aws\"]",
      "instances": [
        {
          "schema_version": 0,
          "attributes": {
            "address": null,
            "allocation_id": "eipalloc-044d7ab67986f8030",
            "associate_with_private_ip": null,
            "association_id": "",
            "carrier_ip": "",
            "customer_owned_ip": "",
            "customer_owned_ipv4_pool": "",
            "domain": "vpc",
            "id": "eipalloc-044d7ab67986f8030",
            "instance": "",
            "network_border_group": "us-east-2",
            "network_interface": "",
            "private_dns": null,
            "private_ip": "",
            "public_dns": "ec2-18-118-191-254.us-east-2.compute.amazonaws.com",
            "public_ip": "18.118.191.254",
            "public_ipv4_pool": "amazon",
            "tags": {
              "Name": "Nat-elastic"
            },
            "tags_all": {
              "Name": "Nat-elastic"
            },
            "timeouts": null,
            "vpc": true
          },
          "sensitive_attributes": [],
          "private": "eyJlMmJmYjczMC1lY2FhLTExZTYtOGY4OC0zNDM2M2JjN2M0YzAiOnsiZGVsZXRlIjoxODAwMDAwMDAwMDAsInJlYWQiOjkwMDAwMDAwMDAwMCwidXBkYXRlIjozMDAwMDAwMDAwMDB9fQ=="
        }
      ]
    },
    {
      "mode": "managed",
      "type": "aws_instance",
      "name": "Backend-instance",
      "provider": "provider[\"registry.terraform.io/hashicorp/aws\"]",
      "instances": [
        {
          "schema_version": 1,
          "attributes": {
            "ami": "ami-0b8b44ec9a8f90422",
            "arn": "arn:aws:ec2:us-east-2:566469845369:instance/i-04b043e70db613fd6",
            "associate_public_ip_address": false,
            "availability_zone": "us-east-2c",
            "capacity_reservation_specification": [
              {
                "capacity_reservation_preference": "open",
                "capacity_reservation_target": []
              }
            ],
            "cpu_core_count": 1,
            "cpu_options": [
              {
                "amd_sev_snp": "",
                "core_count": 1,
                "threads_per_core": 1
              }
            ],
            "cpu_threads_per_core": 1,
            "credit_specification": [
              {
                "cpu_credits": "standard"
              }
            ],
            "disable_api_stop": false,
            "disable_api_termination": false,
            "ebs_block_device": [],
            "ebs_optimized": false,
            "enclave_options": [
              {
                "enabled": false
              }
            ],
            "ephemeral_block_device": [],
            "get_password_data": false,
            "hibernation": false,
            "host_id": "",
            "host_resource_group_arn": null,
            "iam_instance_profile": "",
            "id": "i-04b043e70db613fd6",
            "instance_initiated_shutdown_behavior": "stop",
            "instance_lifecycle": "",
            "instance_market_options": [],
            "instance_state": "running",
            "instance_type": "t2.micro",
            "ipv6_address_count": 0,
            "ipv6_addresses": [],
            "key_name": "chat-key",
            "launch_template": [],
            "maintenance_options": [
              {
                "auto_recovery": "default"
              }
            ],
            "metadata_options": [
              {
                "http_endpoint": "enabled",
                "http_protocol_ipv6": "disabled",
                "http_put_response_hop_limit": 1,
                "http_tokens": "optional",
                "instance_metadata_tags": "disabled"
              }
            ],
            "monitoring": false,
            "network_interface": [],
            "outpost_arn": "",
            "password_data": "",
            "placement_group": "",
            "placement_partition_number": 0,
            "primary_network_interface_id": "eni-02828ca1b9fcc2d73",
            "private_dns": "ip-10-0-51-236.us-east-2.compute.internal",
            "private_dns_name_options": [
              {
                "enable_resource_name_dns_a_record": false,
                "enable_resource_name_dns_aaaa_record": false,
                "hostname_type": "ip-name"
              }
            ],
            "private_ip": "10.0.51.236",
            "public_dns": "",
            "public_ip": "",
            "root_block_device": [
              {
                "delete_on_termination": true,
                "device_name": "/dev/sda1",
                "encrypted": false,
                "iops": 100,
                "kms_key_id": "",
                "tags": {},
                "tags_all": {},
                "throughput": 0,
                "volume_id": "vol-016ac352cc7125d4d",
                "volume_size": 8,
                "volume_type": "gp2"
              }
            ],
            "secondary_private_ips": [],
            "security_groups": [],
            "source_dest_check": true,
            "spot_instance_request_id": "",
            "subnet_id": "subnet-03af0071e5df97849",
            "tags": {
              "Name": "Backend-instance"
            },
            "tags_all": {
              "Name": "Backend-instance"
            },
            "tenancy": "default",
            "timeouts": null,
            "user_data": null,
            "user_data_base64": null,
            "user_data_replace_on_change": false,
            "volume_tags": null,
            "vpc_security_group_ids": [
              "sg-0a67da43d7bdb4519"
            ]
          },
          "sensitive_attributes": [],
          "private": "eyJlMmJmYjczMC1lY2FhLTExZTYtOGY4OC0zNDM2M2JjN2M0YzAiOnsiY3JlYXRlIjo2MDAwMDAwMDAwMDAsImRlbGV0ZSI6MTIwMDAwMDAwMDAwMCwicmVhZCI6OTAwMDAwMDAwMDAwLCJ1cGRhdGUiOjYwMDAwMDAwMDAwMH0sInNjaGVtYV92ZXJzaW9uIjoiMSJ9",
          "dependencies": [
            "aws_key_pair.chat-key",
            "aws_security_group.Security_backend",
            "aws_subnet.public_subnets",
            "aws_vpc.My_VPC",
            "tls_private_key.rsa"
          ]
        }
      ]
    },
    {
      "mode": "managed",
      "type": "aws_instance",
      "name": "Database-instance",
      "provider": "provider[\"registry.terraform.io/hashicorp/aws\"]",
      "instances": [
        {
          "schema_version": 1,
          "attributes": {
            "ami": "ami-0b8b44ec9a8f90422",
            "arn": "arn:aws:ec2:us-east-2:566469845369:instance/i-0887105c7902c6f86",
            "associate_public_ip_address": false,
            "availability_zone": "us-east-2c",
            "capacity_reservation_specification": [
              {
                "capacity_reservation_preference": "open",
                "capacity_reservation_target": []
              }
            ],
            "cpu_core_count": 1,
            "cpu_options": [
              {
                "amd_sev_snp": "",
                "core_count": 1,
                "threads_per_core": 1
              }
            ],
            "cpu_threads_per_core": 1,
            "credit_specification": [
              {
                "cpu_credits": "standard"
              }
            ],
            "disable_api_stop": false,
            "disable_api_termination": false,
            "ebs_block_device": [],
            "ebs_optimized": false,
            "enclave_options": [
              {
                "enabled": false
              }
            ],
            "ephemeral_block_device": [],
            "get_password_data": false,
            "hibernation": false,
            "host_id": "",
            "host_resource_group_arn": null,
            "iam_instance_profile": "",
            "id": "i-0887105c7902c6f86",
            "instance_initiated_shutdown_behavior": "stop",
            "instance_lifecycle": "",
            "instance_market_options": [],
            "instance_state": "running",
            "instance_type": "t2.micro",
            "ipv6_address_count": 0,
            "ipv6_addresses": [],
            "key_name": "chat-key",
            "launch_template": [],
            "maintenance_options": [
              {
                "auto_recovery": "default"
              }
            ],
            "metadata_options": [
              {
                "http_endpoint": "enabled",
                "http_protocol_ipv6": "disabled",
                "http_put_response_hop_limit": 1,
                "http_tokens": "optional",
                "instance_metadata_tags": "disabled"
              }
            ],
            "monitoring": false,
            "network_interface": [],
            "outpost_arn": "",
            "password_data": "",
            "placement_group": "",
            "placement_partition_number": 0,
            "primary_network_interface_id": "eni-079a7a12996614c5f",
            "private_dns": "ip-10-0-41-93.us-east-2.compute.internal",
            "private_dns_name_options": [
              {
                "enable_resource_name_dns_a_record": false,
                "enable_resource_name_dns_aaaa_record": false,
                "hostname_type": "ip-name"
              }
            ],
            "private_ip": "10.0.41.93",
            "public_dns": "",
            "public_ip": "",
            "root_block_device": [
              {
                "delete_on_termination": true,
                "device_name": "/dev/sda1",
                "encrypted": false,
                "iops": 100,
                "kms_key_id": "",
                "tags": {},
                "tags_all": {},
                "throughput": 0,
                "volume_id": "vol-0add612e1e1311139",
                "volume_size": 8,
                "volume_type": "gp2"
              }
            ],
            "secondary_private_ips": [],
            "security_groups": [],
            "source_dest_check": true,
            "spot_instance_request_id": "",
            "subnet_id": "subnet-03af0071e5df97849",
            "tags": {
              "Name": "Database-instance"
            },
            "tags_all": {
              "Name": "Database-instance"
            },
            "tenancy": "default",
            "timeouts": null,
            "user_data": null,
            "user_data_base64": null,
            "user_data_replace_on_change": false,
            "volume_tags": null,
            "vpc_security_group_ids": [
              "sg-0613fbbcd12576499"
            ]
          },
          "sensitive_attributes": [],
          "private": "eyJlMmJmYjczMC1lY2FhLTExZTYtOGY4OC0zNDM2M2JjN2M0YzAiOnsiY3JlYXRlIjo2MDAwMDAwMDAwMDAsImRlbGV0ZSI6MTIwMDAwMDAwMDAwMCwicmVhZCI6OTAwMDAwMDAwMDAwLCJ1cGRhdGUiOjYwMDAwMDAwMDAwMH0sInNjaGVtYV92ZXJzaW9uIjoiMSJ9",
          "dependencies": [
            "aws_key_pair.chat-key",
            "aws_security_group.Security_data",
            "aws_subnet.public_subnets",
            "aws_vpc.My_VPC",
            "tls_private_key.rsa"
          ]
        }
      ]
    },
    {
      "mode": "managed",
      "type": "aws_instance",
      "name": "Frontend-instance",
      "provider": "provider[\"registry.terraform.io/hashicorp/aws\"]",
      "instances": [
        {
          "schema_version": 1,
          "attributes": {
            "ami": "ami-0b8b44ec9a8f90422",
            "arn": "arn:aws:ec2:us-east-2:566469845369:instance/i-0b7875f39dee6a99f",
            "associate_public_ip_address": true,
            "availability_zone": "us-east-2c",
            "capacity_reservation_specification": [
              {
                "capacity_reservation_preference": "open",
                "capacity_reservation_target": []
              }
            ],
            "cpu_core_count": 1,
            "cpu_options": [
              {
                "amd_sev_snp": "",
                "core_count": 1,
                "threads_per_core": 1
              }
            ],
            "cpu_threads_per_core": 1,
            "credit_specification": [
              {
                "cpu_credits": "standard"
              }
            ],
            "disable_api_stop": false,
            "disable_api_termination": false,
            "ebs_block_device": [],
            "ebs_optimized": false,
            "enclave_options": [
              {
                "enabled": false
              }
            ],
            "ephemeral_block_device": [],
            "get_password_data": false,
            "hibernation": false,
            "host_id": "",
            "host_resource_group_arn": null,
            "iam_instance_profile": "",
            "id": "i-0b7875f39dee6a99f",
            "instance_initiated_shutdown_behavior": "stop",
            "instance_lifecycle": "",
            "instance_market_options": [],
            "instance_state": "running",
            "instance_type": "t2.micro",
            "ipv6_address_count": 0,
            "ipv6_addresses": [],
            "key_name": "chat-key",
            "launch_template": [],
            "maintenance_options": [
              {
                "auto_recovery": "default"
              }
            ],
            "metadata_options": [
              {
                "http_endpoint": "enabled",
                "http_protocol_ipv6": "disabled",
                "http_put_response_hop_limit": 1,
                "http_tokens": "optional",
                "instance_metadata_tags": "disabled"
              }
            ],
            "monitoring": false,
            "network_interface": [],
            "outpost_arn": "",
            "password_data": "",
            "placement_group": "",
            "placement_partition_number": 0,
            "primary_network_interface_id": "eni-0acb3e03c974fd467",
            "private_dns": "ip-10-0-57-72.us-east-2.compute.internal",
            "private_dns_name_options": [
              {
                "enable_resource_name_dns_a_record": false,
                "enable_resource_name_dns_aaaa_record": false,
                "hostname_type": "ip-name"
              }
            ],
            "private_ip": "10.0.57.72",
            "public_dns": "",
            "public_ip": "18.188.217.120",
            "root_block_device": [
              {
                "delete_on_termination": true,
                "device_name": "/dev/sda1",
                "encrypted": false,
                "iops": 100,
                "kms_key_id": "",
                "tags": {},
                "tags_all": {},
                "throughput": 0,
                "volume_id": "vol-0c4be726ce3ef6d32",
                "volume_size": 8,
                "volume_type": "gp2"
              }
            ],
            "secondary_private_ips": [],
            "security_groups": [],
            "source_dest_check": true,
            "spot_instance_request_id": "",
            "subnet_id": "subnet-03af0071e5df97849",
            "tags": {
              "Name": "Frontend-instance"
            },
            "tags_all": {
              "Name": "Frontend-instance"
            },
            "tenancy": "default",
            "timeouts": null,
            "user_data": null,
            "user_data_base64": null,
            "user_data_replace_on_change": false,
            "volume_tags": null,
            "vpc_security_group_ids": [
              "sg-0f7d768fedc4b3bb1"
            ]
          },
          "sensitive_attributes": [],
          "private": "eyJlMmJmYjczMC1lY2FhLTExZTYtOGY4OC0zNDM2M2JjN2M0YzAiOnsiY3JlYXRlIjo2MDAwMDAwMDAwMDAsImRlbGV0ZSI6MTIwMDAwMDAwMDAwMCwicmVhZCI6OTAwMDAwMDAwMDAwLCJ1cGRhdGUiOjYwMDAwMDAwMDAwMH0sInNjaGVtYV92ZXJzaW9uIjoiMSJ9",
          "dependencies": [
            "aws_key_pair.chat-key",
            "aws_security_group.Security_front",
            "aws_subnet.public_subnets",
            "aws_vpc.My_VPC",
            "tls_private_key.rsa"
          ]
        }
      ]
    },
    {
      "mode": "managed",
      "type": "aws_internet_gateway",
      "name": "igw",
      "provider": "provider[\"registry.terraform.io/hashicorp/aws\"]",
      "instances": [
        {
          "schema_version": 0,
          "attributes": {
            "arn": "arn:aws:ec2:us-east-2:566469845369:internet-gateway/igw-0925f1814c400e1d3",
            "id": "igw-0925f1814c400e1d3",
            "owner_id": "566469845369",
            "tags": {
              "Name": "internet-gateway"
            },
            "tags_all": {
              "Name": "internet-gateway"
            },
            "timeouts": null,
            "vpc_id": "vpc-05171492f9438f22a"
          },
          "sensitive_attributes": [],
          "private": "eyJlMmJmYjczMC1lY2FhLTExZTYtOGY4OC0zNDM2M2JjN2M0YzAiOnsiY3JlYXRlIjoxMjAwMDAwMDAwMDAwLCJkZWxldGUiOjEyMDAwMDAwMDAwMDAsInVwZGF0ZSI6MTIwMDAwMDAwMDAwMH19",
          "dependencies": [
            "aws_vpc.My_VPC"
          ]
        }
      ]
    },
    {
      "mode": "managed",
      "type": "aws_key_pair",
      "name": "chat-key",
      "provider": "provider[\"registry.terraform.io/hashicorp/aws\"]",
      "instances": [
        {
          "schema_version": 1,
          "attributes": {
            "arn": "arn:aws:ec2:us-east-2:566469845369:key-pair/chat-key",
            "fingerprint": "65:5c:32:51:0a:03:18:4b:38:b3:0c:56:a4:df:92:ce",
            "id": "chat-key",
            "key_name": "chat-key",
            "key_name_prefix": "",
            "key_pair_id": "key-05d29e27c4fdad1c8",
            "key_type": "rsa",
            "public_key": "ssh-rsa AAAAB3NzaC1yc2EAAAADAQABAAACAQC9H7zhUPon6dCt5gpWJsaX1tMa15rgSfnM5+14x3uigZJybs4ZIuGOIpqUOmyALSPj34f/7eUKp5lYIcqrA01rdFFvQRIWIlVrIiGdtPMTG6cjsGfnlNHVt2OmHxFIrrHFsn6/O0yF0KR1v/KjyTPmpyW8Ey6XBtrwZY3rJVTIEspVmn/2RJoJyDrn9r7qbIyYQSgadx+90mi4p6GwZKjKMQFDwGbGQF4iBo4LXltXGtMjlLRv5KJaNsEo4Axxq8oCVykhlqDQUo0XUYmzO64uRhKiMmExVDZY/gNiBivbVX4k8stYTEQV4OSAdQxbHoGwPqJmIGQp0hAK4axKjzAWpd5bBsVwpmfVDOp+bXa1ajywDScbL0p1umNjyWhlQvoEjW2i9yOW4kvjzNiPlV1cymtxIFf2aCz2TaQ/wlI9ICTIbfzU7RlCaPfWVK5LvZRXq5s6UTa859J91yDqGWMUkWENi+NEd2tt2AZ+VaaTkXzGfbLlF9kLCzr7XkDkPqVNXbkkuJoOECcq1ANrjD1kdXkJMjtM6B+Kb1eeVdB/x/DE1VYY79qsySHyNnlQWH9et7NDSMyOcmyuMIHkb+4L15GK/5ptnrc6suBm7+bme5xz3DW62FOIWdREuDRzrGSeymJRG/f8QRQMUsgP5qTsSueN7/hcbxtbCvrrdp/XUw==",
            "tags": null,
            "tags_all": {}
          },
          "sensitive_attributes": [],
          "private": "eyJzY2hlbWFfdmVyc2lvbiI6IjEifQ==",
          "dependencies": [
            "tls_private_key.rsa"
          ]
        }
      ]
    },
    {
      "mode": "managed",
      "type": "aws_nat_gateway",
      "name": "NAT-gateway",
      "provider": "provider[\"registry.terraform.io/hashicorp/aws\"]",
      "instances": [
        {
          "schema_version": 0,
          "attributes": {
            "allocation_id": "eipalloc-044d7ab67986f8030",
            "association_id": "eipassoc-0637da757d31a7bf2",
            "connectivity_type": "public",
            "id": "nat-0107e2231479bdd54",
            "network_interface_id": "eni-09abadef63885854d",
            "private_ip": "10.0.69.223",
            "public_ip": "18.118.191.254",
            "secondary_allocation_ids": null,
            "secondary_private_ip_address_count": 0,
            "secondary_private_ip_addresses": [],
            "subnet_id": "subnet-06251b11a95e2c322",
            "tags": {
              "Name": "Nat-gateway"
            },
            "tags_all": {
              "Name": "Nat-gateway"
            },
            "timeouts": null
          },
          "sensitive_attributes": [],
          "private": "eyJlMmJmYjczMC1lY2FhLTExZTYtOGY4OC0zNDM2M2JjN2M0YzAiOnsiY3JlYXRlIjo2MDAwMDAwMDAwMDAsImRlbGV0ZSI6MTgwMDAwMDAwMDAwMCwidXBkYXRlIjo2MDAwMDAwMDAwMDB9fQ==",
          "dependencies": [
            "aws_eip.nat_ip",
            "aws_subnet.public_subnets",
            "aws_vpc.My_VPC"
          ]
        }
      ]
    },
    {
      "mode": "managed",
      "type": "aws_route_table",
      "name": "private_rt",
      "provider": "provider[\"registry.terraform.io/hashicorp/aws\"]",
      "instances": [
        {
          "schema_version": 0,
          "attributes": {
            "arn": "arn:aws:ec2:us-east-2:566469845369:route-table/rtb-0e62f20314ccb7fd5",
            "id": "rtb-0e62f20314ccb7fd5",
            "owner_id": "566469845369",
            "propagating_vgws": [],
            "route": [
              {
                "carrier_gateway_id": "",
                "cidr_block": "0.0.0.0/0",
                "core_network_arn": "",
                "destination_prefix_list_id": "",
                "egress_only_gateway_id": "",
                "gateway_id": "",
                "ipv6_cidr_block": "",
                "local_gateway_id": "",
                "nat_gateway_id": "nat-0107e2231479bdd54",
                "network_interface_id": "",
                "transit_gateway_id": "",
                "vpc_endpoint_id": "",
                "vpc_peering_connection_id": ""
              }
            ],
            "tags": {
              "Name": "privateRouteTable"
            },
            "tags_all": {
              "Name": "privateRouteTable"
            },
            "timeouts": null,
            "vpc_id": "vpc-05171492f9438f22a"
          },
          "sensitive_attributes": [],
          "private": "eyJlMmJmYjczMC1lY2FhLTExZTYtOGY4OC0zNDM2M2JjN2M0YzAiOnsiY3JlYXRlIjozMDAwMDAwMDAwMDAsImRlbGV0ZSI6MzAwMDAwMDAwMDAwLCJ1cGRhdGUiOjEyMDAwMDAwMDAwMH19",
          "dependencies": [
            "aws_eip.nat_ip",
            "aws_nat_gateway.NAT-gateway",
            "aws_subnet.public_subnets",
            "aws_vpc.My_VPC"
          ]
        }
      ]
    },
    {
      "mode": "managed",
      "type": "aws_route_table",
      "name": "public_rt",
      "provider": "provider[\"registry.terraform.io/hashicorp/aws\"]",
      "instances": [
        {
          "schema_version": 0,
          "attributes": {
            "arn": "arn:aws:ec2:us-east-2:566469845369:route-table/rtb-05e7986ec59e6b692",
            "id": "rtb-05e7986ec59e6b692",
            "owner_id": "566469845369",
            "propagating_vgws": [],
            "route": [
              {
                "carrier_gateway_id": "",
                "cidr_block": "0.0.0.0/0",
                "core_network_arn": "",
                "destination_prefix_list_id": "",
                "egress_only_gateway_id": "",
                "gateway_id": "igw-0925f1814c400e1d3",
                "ipv6_cidr_block": "",
                "local_gateway_id": "",
                "nat_gateway_id": "",
                "network_interface_id": "",
                "transit_gateway_id": "",
                "vpc_endpoint_id": "",
                "vpc_peering_connection_id": ""
              }
            ],
            "tags": {
              "Name": "publicRouteTable"
            },
            "tags_all": {
              "Name": "publicRouteTable"
            },
            "timeouts": null,
            "vpc_id": "vpc-05171492f9438f22a"
          },
          "sensitive_attributes": [],
          "private": "eyJlMmJmYjczMC1lY2FhLTExZTYtOGY4OC0zNDM2M2JjN2M0YzAiOnsiY3JlYXRlIjozMDAwMDAwMDAwMDAsImRlbGV0ZSI6MzAwMDAwMDAwMDAwLCJ1cGRhdGUiOjEyMDAwMDAwMDAwMH19",
          "dependencies": [
            "aws_internet_gateway.igw",
            "aws_vpc.My_VPC"
          ]
        }
      ]
    },
    {
      "mode": "managed",
      "type": "aws_route_table_association",
      "name": "PRI_subnet_associations",
      "provider": "provider[\"registry.terraform.io/hashicorp/aws\"]",
      "instances": [
        {
          "index_key": 0,
          "schema_version": 0,
          "attributes": {
            "gateway_id": "",
            "id": "rtbassoc-0111467b169a728bc",
            "route_table_id": "rtb-0e62f20314ccb7fd5",
            "subnet_id": "subnet-044a82b76b7e83f82",
            "timeouts": null
          },
          "sensitive_attributes": [],
          "private": "eyJlMmJmYjczMC1lY2FhLTExZTYtOGY4OC0zNDM2M2JjN2M0YzAiOnsiY3JlYXRlIjozMDAwMDAwMDAwMDAsImRlbGV0ZSI6MzAwMDAwMDAwMDAwLCJ1cGRhdGUiOjEyMDAwMDAwMDAwMH19",
          "dependencies": [
            "aws_eip.nat_ip",
            "aws_nat_gateway.NAT-gateway",
            "aws_route_table.private_rt",
            "aws_subnet.private_subnets",
            "aws_subnet.public_subnets",
            "aws_vpc.My_VPC"
          ]
        },
        {
          "index_key": 1,
          "schema_version": 0,
          "attributes": {
            "gateway_id": "",
            "id": "rtbassoc-035cfdb1388cda726",
            "route_table_id": "rtb-0e62f20314ccb7fd5",
            "subnet_id": "subnet-0b6ae596c1d169847",
            "timeouts": null
          },
          "sensitive_attributes": [],
          "private": "eyJlMmJmYjczMC1lY2FhLTExZTYtOGY4OC0zNDM2M2JjN2M0YzAiOnsiY3JlYXRlIjozMDAwMDAwMDAwMDAsImRlbGV0ZSI6MzAwMDAwMDAwMDAwLCJ1cGRhdGUiOjEyMDAwMDAwMDAwMH19",
          "dependencies": [
            "aws_eip.nat_ip",
            "aws_nat_gateway.NAT-gateway",
            "aws_route_table.private_rt",
            "aws_subnet.private_subnets",
            "aws_subnet.public_subnets",
            "aws_vpc.My_VPC"
          ]
        }
      ]
    },
    {
      "mode": "managed",
      "type": "aws_route_table_association",
      "name": "PUB_subnet_associations",
      "provider": "provider[\"registry.terraform.io/hashicorp/aws\"]",
      "instances": [
        {
          "index_key": 0,
          "schema_version": 0,
          "attributes": {
            "gateway_id": "",
            "id": "rtbassoc-01d4122c2acd04881",
            "route_table_id": "rtb-05e7986ec59e6b692",
            "subnet_id": "subnet-03af0071e5df97849",
            "timeouts": null
          },
          "sensitive_attributes": [],
          "private": "eyJlMmJmYjczMC1lY2FhLTExZTYtOGY4OC0zNDM2M2JjN2M0YzAiOnsiY3JlYXRlIjozMDAwMDAwMDAwMDAsImRlbGV0ZSI6MzAwMDAwMDAwMDAwLCJ1cGRhdGUiOjEyMDAwMDAwMDAwMH19",
          "dependencies": [
            "aws_internet_gateway.igw",
            "aws_route_table.public_rt",
            "aws_subnet.public_subnets",
            "aws_vpc.My_VPC"
          ]
        },
        {
          "index_key": 1,
          "schema_version": 0,
          "attributes": {
            "gateway_id": "",
            "id": "rtbassoc-0700c65cf7c715e8f",
            "route_table_id": "rtb-05e7986ec59e6b692",
            "subnet_id": "subnet-06251b11a95e2c322",
            "timeouts": null
          },
          "sensitive_attributes": [],
          "private": "eyJlMmJmYjczMC1lY2FhLTExZTYtOGY4OC0zNDM2M2JjN2M0YzAiOnsiY3JlYXRlIjozMDAwMDAwMDAwMDAsImRlbGV0ZSI6MzAwMDAwMDAwMDAwLCJ1cGRhdGUiOjEyMDAwMDAwMDAwMH19",
          "dependencies": [
            "aws_internet_gateway.igw",
            "aws_route_table.public_rt",
            "aws_subnet.public_subnets",
            "aws_vpc.My_VPC"
          ]
        }
      ]
    },
    {
      "mode": "managed",
      "type": "aws_security_group",
      "name": "Security_backend",
      "provider": "provider[\"registry.terraform.io/hashicorp/aws\"]",
      "instances": [
        {
          "schema_version": 1,
          "attributes": {
            "arn": "arn:aws:ec2:us-east-2:566469845369:security-group/sg-0a67da43d7bdb4519",
            "description": "Security Group for backend-instance",
            "egress": [
              {
                "cidr_blocks": [
                  "0.0.0.0/0"
                ],
                "description": "",
                "from_port": 0,
                "ipv6_cidr_blocks": [],
                "prefix_list_ids": [],
                "protocol": "-1",
                "security_groups": [],
                "self": false,
                "to_port": 0
              }
            ],
            "id": "sg-0a67da43d7bdb4519",
            "ingress": [
              {
                "cidr_blocks": [
                  "0.0.0.0/0"
                ],
                "description": "",
                "from_port": 22,
                "ipv6_cidr_blocks": [],
                "prefix_list_ids": [],
                "protocol": "tcp",
                "security_groups": [],
                "self": false,
                "to_port": 22
              },
              {
                "cidr_blocks": [
                  "0.0.0.0/0"
                ],
                "description": "",
                "from_port": 3306,
                "ipv6_cidr_blocks": [],
                "prefix_list_ids": [],
                "protocol": "tcp",
                "security_groups": [],
                "self": false,
                "to_port": 3306
              },
              {
                "cidr_blocks": [
                  "0.0.0.0/0"
                ],
                "description": "",
                "from_port": 8000,
                "ipv6_cidr_blocks": [],
                "prefix_list_ids": [],
                "protocol": "tcp",
                "security_groups": [],
                "self": false,
                "to_port": 8000
              }
            ],
            "name": "Security_backend",
            "name_prefix": "",
            "owner_id": "566469845369",
            "revoke_rules_on_delete": false,
            "tags": {
              "Name": "Security_backend"
            },
            "tags_all": {
              "Name": "Security_backend"
            },
            "timeouts": null,
            "vpc_id": "vpc-05171492f9438f22a"
          },
          "sensitive_attributes": [],
          "private": "eyJlMmJmYjczMC1lY2FhLTExZTYtOGY4OC0zNDM2M2JjN2M0YzAiOnsiY3JlYXRlIjo2MDAwMDAwMDAwMDAsImRlbGV0ZSI6OTAwMDAwMDAwMDAwfSwic2NoZW1hX3ZlcnNpb24iOiIxIn0=",
          "dependencies": [
            "aws_vpc.My_VPC"
          ]
        }
      ]
    },
    {
      "mode": "managed",
      "type": "aws_security_group",
      "name": "Security_data",
      "provider": "provider[\"registry.terraform.io/hashicorp/aws\"]",
      "instances": [
        {
          "schema_version": 1,
          "attributes": {
            "arn": "arn:aws:ec2:us-east-2:566469845369:security-group/sg-0613fbbcd12576499",
            "description": "Security Group for database-instance",
            "egress": [
              {
                "cidr_blocks": [
                  "0.0.0.0/0"
                ],
                "description": "",
                "from_port": 0,
                "ipv6_cidr_blocks": [],
                "prefix_list_ids": [],
                "protocol": "-1",
                "security_groups": [],
                "self": false,
                "to_port": 0
              }
            ],
            "id": "sg-0613fbbcd12576499",
            "ingress": [
              {
                "cidr_blocks": [
                  "0.0.0.0/0"
                ],
                "description": "",
                "from_port": 22,
                "ipv6_cidr_blocks": [],
                "prefix_list_ids": [],
                "protocol": "tcp",
                "security_groups": [],
                "self": false,
                "to_port": 22
              },
              {
                "cidr_blocks": [
                  "0.0.0.0/0"
                ],
                "description": "",
                "from_port": 3306,
                "ipv6_cidr_blocks": [],
                "prefix_list_ids": [],
                "protocol": "tcp",
                "security_groups": [],
                "self": false,
                "to_port": 3306
              }
            ],
            "name": "daSecurity_data",
            "name_prefix": "",
            "owner_id": "566469845369",
            "revoke_rules_on_delete": false,
            "tags": {
              "Name": "daSecurity_data"
            },
            "tags_all": {
              "Name": "daSecurity_data"
            },
            "timeouts": null,
            "vpc_id": "vpc-05171492f9438f22a"
          },
          "sensitive_attributes": [],
          "private": "eyJlMmJmYjczMC1lY2FhLTExZTYtOGY4OC0zNDM2M2JjN2M0YzAiOnsiY3JlYXRlIjo2MDAwMDAwMDAwMDAsImRlbGV0ZSI6OTAwMDAwMDAwMDAwfSwic2NoZW1hX3ZlcnNpb24iOiIxIn0=",
          "dependencies": [
            "aws_vpc.My_VPC"
          ]
        }
      ]
    },
    {
      "mode": "managed",
      "type": "aws_security_group",
      "name": "Security_front",
      "provider": "provider[\"registry.terraform.io/hashicorp/aws\"]",
      "instances": [
        {
          "schema_version": 1,
          "attributes": {
            "arn": "arn:aws:ec2:us-east-2:566469845369:security-group/sg-0f7d768fedc4b3bb1",
            "description": "Security Group for frontend-instance",
            "egress": [
              {
                "cidr_blocks": [
                  "0.0.0.0/0"
                ],
                "description": "",
                "from_port": 0,
                "ipv6_cidr_blocks": [],
                "prefix_list_ids": [],
                "protocol": "-1",
                "security_groups": [],
                "self": false,
                "to_port": 0
              }
            ],
            "id": "sg-0f7d768fedc4b3bb1",
            "ingress": [
              {
                "cidr_blocks": [
                  "0.0.0.0/0"
                ],
                "description": "",
                "from_port": 22,
                "ipv6_cidr_blocks": [],
                "prefix_list_ids": [],
                "protocol": "tcp",
                "security_groups": [],
                "self": false,
                "to_port": 22
              },
              {
                "cidr_blocks": [
                  "0.0.0.0/0"
                ],
                "description": "",
                "from_port": 80,
                "ipv6_cidr_blocks": [],
                "prefix_list_ids": [],
                "protocol": "tcp",
                "security_groups": [],
                "self": false,
                "to_port": 80
              }
            ],
            "name": "Security_front",
            "name_prefix": "",
            "owner_id": "566469845369",
            "revoke_rules_on_delete": false,
            "tags": {
              "Name": "Security_front"
            },
            "tags_all": {
              "Name": "Security_front"
            },
            "timeouts": null,
            "vpc_id": "vpc-05171492f9438f22a"
          },
          "sensitive_attributes": [],
          "private": "eyJlMmJmYjczMC1lY2FhLTExZTYtOGY4OC0zNDM2M2JjN2M0YzAiOnsiY3JlYXRlIjo2MDAwMDAwMDAwMDAsImRlbGV0ZSI6OTAwMDAwMDAwMDAwfSwic2NoZW1hX3ZlcnNpb24iOiIxIn0=",
          "dependencies": [
            "aws_vpc.My_VPC"
          ]
        }
      ]
    },
    {
      "mode": "managed",
      "type": "aws_subnet",
      "name": "private_subnets",
      "provider": "provider[\"registry.terraform.io/hashicorp/aws\"]",
      "instances": [
        {
          "index_key": 0,
          "schema_version": 1,
          "attributes": {
            "arn": "arn:aws:ec2:us-east-2:566469845369:subnet/subnet-044a82b76b7e83f82",
            "assign_ipv6_address_on_creation": false,
            "availability_zone": "us-east-2c",
            "availability_zone_id": "use2-az3",
            "cidr_block": "10.0.128.0/18",
            "customer_owned_ipv4_pool": "",
            "enable_dns64": false,
            "enable_lni_at_device_index": 0,
            "enable_resource_name_dns_a_record_on_launch": false,
            "enable_resource_name_dns_aaaa_record_on_launch": false,
            "id": "subnet-044a82b76b7e83f82",
            "ipv6_cidr_block": "",
            "ipv6_cidr_block_association_id": "",
            "ipv6_native": false,
            "map_customer_owned_ip_on_launch": false,
            "map_public_ip_on_launch": false,
            "outpost_arn": "",
            "owner_id": "566469845369",
            "private_dns_hostname_type_on_launch": "ip-name",
            "tags": {
              "Name": "Private Subnet 1"
            },
            "tags_all": {
              "Name": "Private Subnet 1"
            },
            "timeouts": null,
            "vpc_id": "vpc-05171492f9438f22a"
          },
          "sensitive_attributes": [],
          "private": "eyJlMmJmYjczMC1lY2FhLTExZTYtOGY4OC0zNDM2M2JjN2M0YzAiOnsiY3JlYXRlIjo2MDAwMDAwMDAwMDAsImRlbGV0ZSI6MTIwMDAwMDAwMDAwMH0sInNjaGVtYV92ZXJzaW9uIjoiMSJ9",
          "dependencies": [
            "aws_vpc.My_VPC"
          ]
        },
        {
          "index_key": 1,
          "schema_version": 1,
          "attributes": {
            "arn": "arn:aws:ec2:us-east-2:566469845369:subnet/subnet-0b6ae596c1d169847",
            "assign_ipv6_address_on_creation": false,
            "availability_zone": "us-east-2c",
            "availability_zone_id": "use2-az3",
            "cidr_block": "10.0.192.0/18",
            "customer_owned_ipv4_pool": "",
            "enable_dns64": false,
            "enable_lni_at_device_index": 0,
            "enable_resource_name_dns_a_record_on_launch": false,
            "enable_resource_name_dns_aaaa_record_on_launch": false,
            "id": "subnet-0b6ae596c1d169847",
            "ipv6_cidr_block": "",
            "ipv6_cidr_block_association_id": "",
            "ipv6_native": false,
            "map_customer_owned_ip_on_launch": false,
            "map_public_ip_on_launch": false,
            "outpost_arn": "",
            "owner_id": "566469845369",
            "private_dns_hostname_type_on_launch": "ip-name",
            "tags": {
              "Name": "Private Subnet 2"
            },
            "tags_all": {
              "Name": "Private Subnet 2"
            },
            "timeouts": null,
            "vpc_id": "vpc-05171492f9438f22a"
          },
          "sensitive_attributes": [],
          "private": "eyJlMmJmYjczMC1lY2FhLTExZTYtOGY4OC0zNDM2M2JjN2M0YzAiOnsiY3JlYXRlIjo2MDAwMDAwMDAwMDAsImRlbGV0ZSI6MTIwMDAwMDAwMDAwMH0sInNjaGVtYV92ZXJzaW9uIjoiMSJ9",
          "dependencies": [
            "aws_vpc.My_VPC"
          ]
        }
      ]
    },
    {
      "mode": "managed",
      "type": "aws_subnet",
      "name": "public_subnets",
      "provider": "provider[\"registry.terraform.io/hashicorp/aws\"]",
      "instances": [
        {
          "index_key": 0,
          "schema_version": 1,
          "attributes": {
            "arn": "arn:aws:ec2:us-east-2:566469845369:subnet/subnet-03af0071e5df97849",
            "assign_ipv6_address_on_creation": false,
            "availability_zone": "us-east-2c",
            "availability_zone_id": "use2-az3",
            "cidr_block": "10.0.0.0/18",
            "customer_owned_ipv4_pool": "",
            "enable_dns64": false,
            "enable_lni_at_device_index": 0,
            "enable_resource_name_dns_a_record_on_launch": false,
            "enable_resource_name_dns_aaaa_record_on_launch": false,
            "id": "subnet-03af0071e5df97849",
            "ipv6_cidr_block": "",
            "ipv6_cidr_block_association_id": "",
            "ipv6_native": false,
            "map_customer_owned_ip_on_launch": false,
            "map_public_ip_on_launch": false,
            "outpost_arn": "",
            "owner_id": "566469845369",
            "private_dns_hostname_type_on_launch": "ip-name",
            "tags": {
              "Name": "Public Subnet 1"
            },
            "tags_all": {
              "Name": "Public Subnet 1"
            },
            "timeouts": null,
            "vpc_id": "vpc-05171492f9438f22a"
          },
          "sensitive_attributes": [],
          "private": "eyJlMmJmYjczMC1lY2FhLTExZTYtOGY4OC0zNDM2M2JjN2M0YzAiOnsiY3JlYXRlIjo2MDAwMDAwMDAwMDAsImRlbGV0ZSI6MTIwMDAwMDAwMDAwMH0sInNjaGVtYV92ZXJzaW9uIjoiMSJ9",
          "dependencies": [
            "aws_vpc.My_VPC"
          ]
        },
        {
          "index_key": 1,
          "schema_version": 1,
          "attributes": {
            "arn": "arn:aws:ec2:us-east-2:566469845369:subnet/subnet-06251b11a95e2c322",
            "assign_ipv6_address_on_creation": false,
            "availability_zone": "us-east-2a",
            "availability_zone_id": "use2-az1",
            "cidr_block": "10.0.64.0/18",
            "customer_owned_ipv4_pool": "",
            "enable_dns64": false,
            "enable_lni_at_device_index": 0,
            "enable_resource_name_dns_a_record_on_launch": false,
            "enable_resource_name_dns_aaaa_record_on_launch": false,
            "id": "subnet-06251b11a95e2c322",
            "ipv6_cidr_block": "",
            "ipv6_cidr_block_association_id": "",
            "ipv6_native": false,
            "map_customer_owned_ip_on_launch": false,
            "map_public_ip_on_launch": false,
            "outpost_arn": "",
            "owner_id": "566469845369",
            "private_dns_hostname_type_on_launch": "ip-name",
            "tags": {
              "Name": "Public Subnet 2"
            },
            "tags_all": {
              "Name": "Public Subnet 2"
            },
            "timeouts": null,
            "vpc_id": "vpc-05171492f9438f22a"
          },
          "sensitive_attributes": [],
          "private": "eyJlMmJmYjczMC1lY2FhLTExZTYtOGY4OC0zNDM2M2JjN2M0YzAiOnsiY3JlYXRlIjo2MDAwMDAwMDAwMDAsImRlbGV0ZSI6MTIwMDAwMDAwMDAwMH0sInNjaGVtYV92ZXJzaW9uIjoiMSJ9",
          "dependencies": [
            "aws_vpc.My_VPC"
          ]
        }
      ]
    },
    {
      "mode": "managed",
      "type": "aws_vpc",
      "name": "My_VPC",
      "provider": "provider[\"registry.terraform.io/hashicorp/aws\"]",
      "instances": [
        {
          "schema_version": 1,
          "attributes": {
            "arn": "arn:aws:ec2:us-east-2:566469845369:vpc/vpc-05171492f9438f22a",
            "assign_generated_ipv6_cidr_block": false,
            "cidr_block": "10.0.0.0/16",
            "default_network_acl_id": "acl-05c712f97c0c0c8bc",
            "default_route_table_id": "rtb-018c5d578e81dc493",
            "default_security_group_id": "sg-04d93d3c248c73277",
            "dhcp_options_id": "dopt-0706f9e7f4e872572",
            "enable_dns_hostnames": false,
            "enable_dns_support": true,
            "enable_network_address_usage_metrics": false,
            "id": "vpc-05171492f9438f22a",
            "instance_tenancy": "default",
            "ipv4_ipam_pool_id": null,
            "ipv4_netmask_length": null,
            "ipv6_association_id": "",
            "ipv6_cidr_block": "",
            "ipv6_cidr_block_network_border_group": "",
            "ipv6_ipam_pool_id": "",
            "ipv6_netmask_length": 0,
            "main_route_table_id": "rtb-018c5d578e81dc493",
            "owner_id": "566469845369",
            "tags": {
              "Name": "My_VPC"
            },
            "tags_all": {
              "Name": "My_VPC"
            }
          },
          "sensitive_attributes": [],
          "private": "eyJzY2hlbWFfdmVyc2lvbiI6IjEifQ=="
        }
      ]
    },
    {
      "mode": "managed",
      "type": "local_file",
      "name": "chat-key",
      "provider": "provider[\"registry.terraform.io/hashicorp/local\"]",
      "instances": [
        {
          "schema_version": 0,
          "attributes": {
            "content": "-----BEGIN RSA PRIVATE KEY-----\nMIIJKQIBAAKCAgEAvR+84VD6J+nQreYKVibGl9bTGtea4En5zOfteMd7ooGScm7O\nGSLhjiKalDpsgC0j49+H/+3lCqeZWCHKqwNNa3RRb0ESFiJVayIhnbTzExunI7Bn\n55TR1bdjph8RSK6xxbJ+vztMhdCkdb/yo8kz5qclvBMulwba8GWN6yVUyBLKVZp/\n9kSaCcg65/a+6myMmEEoGncfvdJouKehsGSoyjEBQ8BmxkBeIgaOC15bVxrTI5S0\nb+SiWjbBKOAMcavKAlcpIZag0FKNF1GJszuuLkYSojJhMVQ2WP4DYgYr21V+JPLL\nWExEFeDkgHUMWx6BsD6iZiBkKdIQCuGsSo8wFqXeWwbFcKZn1Qzqfm12tWo8sA0n\nGy9KdbpjY8loZUL6BI1tovcjluJL48zYj5VdXMprcSBX9mgs9k2kP8JSPSAkyG38\n1O0ZQmj31lSuS72UV6ubOlE2vOfSfdcg6hljFJFhDYvjRHdrbdgGflWmk5F8xn2y\n5RfZCws6+15A5D6lTV25JLiaDhAnKtQDa4w9ZHV5CTI7TOgfim9XnlXQf8fwxNVW\nGO/arMkh8jZ5UFh/XrezQ0jMjnJsrjCB5G/uC9eRiv+abZ63OrLgZu/m5nucc9w1\nuthTiFnURLg0c6xknspiURv3/EEUDFLID+ak7Ernje/4XG8bWwr663af11MCAwEA\nAQKCAgEAkhDJGFwqWFlFSom4wgEAsJTCRqDuhPudapxV1Ep9Om1IZgkeNFu0SMqB\nCKp20igK6BvkNc3OcAQxctfmZ14NlUgo/PwMs/ugbTXXMK5obgGVfQLpvPo7dgxF\nci/ccX463q2VJqzt1QvneOnexJDI/QNrKW7HNO2eerx0d4BFkqCwlJzW56TkM1np\n5O21VeiwTYdFKeuHIFw5dSRCxLF5i299wo3+0m80RKM7YZxmf0fAemKHWUQEABj5\n5k/kTIaZZmVa5w4m9b5MKg5Xg448YJDOI2c1mZuoveKxSivqA2RsIK1ET9XXX+5p\njKzZ9iYBk9VMKAQsWABdU4ooPw2H3SGraofAcIUMlZ5qFwhd2tJkm9Sp+0AtfFjH\nk8rhHPIMNclb5ahSE2lI4d3t/AAFodpW6ggUX+GOQbatozvn6PJ8Sbrpkhs0gIo5\nOVhYSTCEedgFShux93cB/8UMQdJdzgRJnDkme9T4h9t/NISPhUUCkQxB9ty1AyVq\nwrMwSF026//DK2FeRAqjnxba/PCq6G2cOKlZdxuuhEC8Qd1xfUhEaOh9vppXzcoA\nsguHqdIrsbZP7w1gocx+XWiKAzEHAQghvspa4bxjMis5y2L+7k+Z+xXjHM0dckOv\nu3IOkLMnTnSsIniWpcc29wWYZmyXdNbs2gs7EzQjlQ086aLvyEECggEBANBnIN1t\nldUJgUPeFL8IELjFzYWPeMXUZACXYk0GPpMTGOynpk2xGPsLdIYsCiFwqpGtX/Ot\nCvYg53tKO0ldH7dzN6LGdCuZAOP0MDSFPxAwvLcxQdEq0Q6MA2+j+dY6uu5UIvSM\nEjBC6EqvcjYtiehGyhgDqTeDbQMpd2O2SRrk3689a8yrh83Hw5T5HKVzO0zU0aHI\n341JCPaRM49UBaWSq8mdrRZqBdnztJ1r77qaPOodGOOGpwlhnEEUZ9DoWDRI5lFG\nRToBrzjMMqc0c12fATzeIJDXbqNIu972oK+R9JyzlQRJppYYoc4oAacmTqCtni+/\nv2yH+sAHayxM/6cCggEBAOhRaja4jnBv9Hu6XqnV2DMQxN1sGSfUM0bygIXJP3la\npCUS8yHSU4Xrh80/6a+jNWXkxEMhwWBA4lRblfbbmX4H459gOvDOu3ofBfiUq10A\n/Rd1P6rA2WSywmPd2X1NfeuZjtnYfHeHN7loSKy+dd9jwfoKqUAgscOy9NYSDZ4x\nG40lr24//JBstNbCrBDe1MDf6BHVB5FuuOhn4saM2aeuAN2PhO9g1LpDvuQ4moxj\nRXrf+xG4vOZaCpOp9Ti5dji8C4NuWy0hbCrqiTA/ILRX8lHTuZhlfE/iVDL5l5TW\nN5yda+oTQQC8jD1qdtszgxcEzj+RbyvP5oo5GcL5AHUCggEAWSY0neRZ+wcU3/Zp\ng4qstI4RK/hC3sXLfaFEsNRiAkJiICJbdtKyb/nnf9no/4MVxDmZWUEF9mH/A/Ou\nRuTqQ2yrORuR6HCMO/dig6UYZBGlOOx+Tj71rTZh5ekMYANBoeAmD9y3jyOgAQrq\nXZi/bLiTjRBL2+6BvJ+JbgM1ZKbRtUIeEjCyaGnzFZA3G+OeU3CauI2Ya/T5O5jD\nqKV1wO1sRVQJDhSOqjyhX9Ije/ys4C1QT0xzugSidgiHnIs36C3jMJNR282Kqk5X\nwMUkMMFrIyGWZr9xmbHshCWWeWSDcmEz9uCWvZCN7wWYJ2uwqPV8PMrW1VOaBXlm\n9E1/8wKCAQBx4L681hjUWrywDborbCyPU4/8reli0azVATgo3G5l0R2XIsPVd2ED\ny2GFJegp9UnOiaX+9kPxJ70J9t7648hItBtK24Po2J2jjiOCJ3Ycn8hwQEQWMnQd\n3VZWV8AtoNexrlMMzAavHLQfCVRegPoMp7zFEYbHbX9V25oSeUT9nzrPJILq+yiV\nrwOyJjjsCB6n8Nm0LAWKr4iqO4o5I3/ppuy7rodOQ9vi9iRTgL+ZQ2wigDp1BGZs\nUATRP0V6KccepmbKZUUCSVjZbKAU60zfuiCJJczbPBwEmIAHgLth9OPLvIrScd+y\nObpQvKhIaObAWNW06VhiVIXAiZ7sKNylAoIBAQDAHrDm3F7QplEv7Ab5dnOpyUxl\n2tY7v6xNuk2BEL4ToOLOTePYZnUkwk3WXMqyoDFCcL7/vMvV/nNzbBs0O3oCFcm0\nluPubiLKoQ5cY6XYhqVILbCohXgEdrqWMLpV8X7PWkewOnr/S8MqKgZiYhCSRFHn\nglmgXV/BsXPcGHHP9ys6DHjwWeePOYkhiaTCQTItYebO8cqTLjqtkYgqQh5R+zeG\nMf3w2RY5+b6hznT3v0OObAfk3fVx4AKF7+1DnYOKpsOaPRubBHvwV0jP4huiu9x+\ng9cE7zEzBQL22thhLrUFGDRirEsvjr9ftOzbxeZviK09eCrGxHnioB/P8jLa\n-----END RSA PRIVATE KEY-----\n",
            "content_base64": null,
            "content_base64sha256": "fAfU4f9fMo9+hc2y8UGCJjxc3JHZkv9FnYY3VOZb1y4=",
            "content_base64sha512": "+CrEaJ+Frr3V2KRbPdUpn8BxPFh4519uhtaQdNM7OlbVOksrOl8l8dC6cyy/P4PirxGoA15Ax4Lh37plAe/X9Q==",
            "content_md5": "7bd4701cf5a617ab9c025f422494c4a2",
            "content_sha1": "fcdeecf008b789fa457e115462edde9346be522f",
            "content_sha256": "7c07d4e1ff5f328f7e85cdb2f14182263c5cdc91d992ff459d863754e65bd72e",
            "content_sha512": "f82ac4689f85aebdd5d8a45b3dd5299fc0713c5878e75f6e86d69074d33b3a56d53a4b2b3a5f25f1d0ba732cbf3f83e2af11a8035e40c782e1dfba6501efd7f5",
            "directory_permission": "0777",
            "file_permission": "0777",
            "filename": "chat-key",
            "id": "fcdeecf008b789fa457e115462edde9346be522f",
            "sensitive_content": null,
            "source": null
          },
          "sensitive_attributes": [
            [
              {
                "type": "get_attr",
                "value": "content"
              }
            ]
          ],
          "dependencies": [
            "tls_private_key.rsa"
          ]
        }
      ]
    },
    {
      "mode": "managed",
      "type": "tls_private_key",
      "name": "rsa",
      "provider": "provider[\"registry.terraform.io/hashicorp/tls\"]",
      "instances": [
        {
          "schema_version": 1,
          "attributes": {
            "algorithm": "RSA",
            "ecdsa_curve": "P224",
            "id": "69777e82977398f30199f1761a7c42263303149f",
            "private_key_openssh": "-----BEGIN OPENSSH PRIVATE KEY-----\nb3BlbnNzaC1rZXktdjEAAAAABG5vbmUAAAAEbm9uZQAAAAAAAAABAAACFwAAAAdz\nc2gtcnNhAAAAAwEAAQAAAgEAvR+84VD6J+nQreYKVibGl9bTGtea4En5zOfteMd7\nooGScm7OGSLhjiKalDpsgC0j49+H/+3lCqeZWCHKqwNNa3RRb0ESFiJVayIhnbTz\nExunI7Bn55TR1bdjph8RSK6xxbJ+vztMhdCkdb/yo8kz5qclvBMulwba8GWN6yVU\nyBLKVZp/9kSaCcg65/a+6myMmEEoGncfvdJouKehsGSoyjEBQ8BmxkBeIgaOC15b\nVxrTI5S0b+SiWjbBKOAMcavKAlcpIZag0FKNF1GJszuuLkYSojJhMVQ2WP4DYgYr\n21V+JPLLWExEFeDkgHUMWx6BsD6iZiBkKdIQCuGsSo8wFqXeWwbFcKZn1Qzqfm12\ntWo8sA0nGy9KdbpjY8loZUL6BI1tovcjluJL48zYj5VdXMprcSBX9mgs9k2kP8JS\nPSAkyG381O0ZQmj31lSuS72UV6ubOlE2vOfSfdcg6hljFJFhDYvjRHdrbdgGflWm\nk5F8xn2y5RfZCws6+15A5D6lTV25JLiaDhAnKtQDa4w9ZHV5CTI7TOgfim9XnlXQ\nf8fwxNVWGO/arMkh8jZ5UFh/XrezQ0jMjnJsrjCB5G/uC9eRiv+abZ63OrLgZu/m\n5nucc9w1uthTiFnURLg0c6xknspiURv3/EEUDFLID+ak7Ernje/4XG8bWwr663af\n11MAAAc44/imceP4pnEAAAAHc3NoLXJzYQAAAgEAvR+84VD6J+nQreYKVibGl9bT\nGtea4En5zOfteMd7ooGScm7OGSLhjiKalDpsgC0j49+H/+3lCqeZWCHKqwNNa3RR\nb0ESFiJVayIhnbTzExunI7Bn55TR1bdjph8RSK6xxbJ+vztMhdCkdb/yo8kz5qcl\nvBMulwba8GWN6yVUyBLKVZp/9kSaCcg65/a+6myMmEEoGncfvdJouKehsGSoyjEB\nQ8BmxkBeIgaOC15bVxrTI5S0b+SiWjbBKOAMcavKAlcpIZag0FKNF1GJszuuLkYS\nojJhMVQ2WP4DYgYr21V+JPLLWExEFeDkgHUMWx6BsD6iZiBkKdIQCuGsSo8wFqXe\nWwbFcKZn1Qzqfm12tWo8sA0nGy9KdbpjY8loZUL6BI1tovcjluJL48zYj5VdXMpr\ncSBX9mgs9k2kP8JSPSAkyG381O0ZQmj31lSuS72UV6ubOlE2vOfSfdcg6hljFJFh\nDYvjRHdrbdgGflWmk5F8xn2y5RfZCws6+15A5D6lTV25JLiaDhAnKtQDa4w9ZHV5\nCTI7TOgfim9XnlXQf8fwxNVWGO/arMkh8jZ5UFh/XrezQ0jMjnJsrjCB5G/uC9eR\niv+abZ63OrLgZu/m5nucc9w1uthTiFnURLg0c6xknspiURv3/EEUDFLID+ak7Ern\nje/4XG8bWwr663af11MAAAADAQABAAACAQCSEMkYXCpYWUVKibjCAQCwlMJGoO6E\n+51qnFXUSn06bUhmCR40W7RIyoEIqnbSKAroG+Q1zc5wBDFy1+ZnXg2VSCj8/Ayz\n+6BtNdcwrmhuAZV9Aum8+jt2DEVyL9xxfjrerZUmrO3VC+d46d7EkMj9A2spbsc0\n7Z56vHR3gEWSoLCUnNbnpOQzWenk7bVV6LBNh0Up64cgXDl1JELEsXmLb33Cjf7S\nbzREozthnGZ/R8B6YodZRAQAGPnmT+RMhplmZVrnDib1vkwqDleDjjxgkM4jZzWZ\nm6i94rFKK+oDZGwgrURP1ddf7mmMrNn2JgGT1UwoBCxYAF1Tiig/DYfdIatqh8Bw\nhQyVnmoXCF3a0mSb1Kn7QC18WMeTyuEc8gw1yVvlqFITaUjh3e38AAWh2lbqCBRf\n4Y5Btq2jO+fo8nxJuumSGzSAijk5WFhJMIR52AVKG7H3dwH/xQxB0l3OBEmcOSZ7\n1PiH2380hI+FRQKRDEH23LUDJWrCszBIXTbr/8MrYV5ECqOfFtr88KrobZw4qVl3\nG66EQLxB3XF9SERo6H2+mlfNygCyC4ep0iuxtk/vDWChzH5daIoDMQcBCCG+ylrh\nvGMyKznLYv7uT5n7FeMczR1yQ6+7cg6QsydOdKwieJalxzb3BZhmbJd01uzaCzsT\nNCOVDTzpou/IQQAAAQEAwB6w5txe0KZRL+wG+XZzqclMZdrWO7+sTbpNgRC+E6Di\nzk3j2GZ1JMJN1lzKsqAxQnC+/7zL1f5zc2wbNDt6AhXJtJbj7m4iyqEOXGOl2Ial\nSC2wqIV4BHa6ljC6VfF+z1pHsDp6/0vDKioGYmIQkkRR54JZoF1fwbFz3Bhxz/cr\nOgx48FnnjzmJIYmkwkEyLWHmzvHKky46rZGIKkIeUfs3hjH98NkWOfm+oc50979D\njmwH5N31ceAChe/tQ52DiqbDmj0bmwR78FdIz+IborvcfoPXBO8xMwUC9trYYS61\nBRg0YqxLL46/X7Ts28Xmb4itPXgqxsR54qAfz/Iy2gAAAQEA0Gcg3W2V1QmBQ94U\nvwgQuMXNhY94xdRkAJdiTQY+kxMY7KemTbEY+wt0hiwKIXCqka1f860K9iDne0o7\nSV0ft3M3osZ0K5kA4/QwNIU/EDC8tzFB0SrRDowDb6P51jq67lQi9IwSMELoSq9y\nNi2J6EbKGAOpN4NtAyl3Y7ZJGuTfrz1rzKuHzcfDlPkcpXM7TNTRocjfjUkI9pEz\nj1QFpZKryZ2tFmoF2fO0nWvvupo86h0Y44anCWGcQRRn0OhYNEjmUUZFOgGvOMwy\npzRzXZ8BPN4gkNduo0i73vagr5H0nLOVBEmmlhihzigBpyZOoK2eL7+/bIf6wAdr\nLEz/pwAAAQEA6FFqNriOcG/0e7peqdXYMxDE3WwZJ9QzRvKAhck/eVqkJRLzIdJT\nheuHzT/pr6M1ZeTEQyHBYEDiVFuV9tuZfgfjn2A68M67eh8F+JSrXQD9F3U/qsDZ\nZLLCY93ZfU1965mO2dh8d4c3uWhIrL5132PB+gqpQCCxw7L01hINnjEbjSWvbj/8\nkGy01sKsEN7UwN/oEdUHkW646GfixozZp64A3Y+E72DUukO+5DiajGNFet/7Ebi8\n5loKk6n1OLl2OLwLg25bLSFsKuqJMD8gtFfyUdO5mGV8T+JUMvmXlNY3nJ1r6hNB\nALyMPWp22zODFwTOP5FvK8/mijkZwvkAdQAAAAAB\n-----END OPENSSH PRIVATE KEY-----\n",
            "private_key_pem": "-----BEGIN RSA PRIVATE KEY-----\nMIIJKQIBAAKCAgEAvR+84VD6J+nQreYKVibGl9bTGtea4En5zOfteMd7ooGScm7O\nGSLhjiKalDpsgC0j49+H/+3lCqeZWCHKqwNNa3RRb0ESFiJVayIhnbTzExunI7Bn\n55TR1bdjph8RSK6xxbJ+vztMhdCkdb/yo8kz5qclvBMulwba8GWN6yVUyBLKVZp/\n9kSaCcg65/a+6myMmEEoGncfvdJouKehsGSoyjEBQ8BmxkBeIgaOC15bVxrTI5S0\nb+SiWjbBKOAMcavKAlcpIZag0FKNF1GJszuuLkYSojJhMVQ2WP4DYgYr21V+JPLL\nWExEFeDkgHUMWx6BsD6iZiBkKdIQCuGsSo8wFqXeWwbFcKZn1Qzqfm12tWo8sA0n\nGy9KdbpjY8loZUL6BI1tovcjluJL48zYj5VdXMprcSBX9mgs9k2kP8JSPSAkyG38\n1O0ZQmj31lSuS72UV6ubOlE2vOfSfdcg6hljFJFhDYvjRHdrbdgGflWmk5F8xn2y\n5RfZCws6+15A5D6lTV25JLiaDhAnKtQDa4w9ZHV5CTI7TOgfim9XnlXQf8fwxNVW\nGO/arMkh8jZ5UFh/XrezQ0jMjnJsrjCB5G/uC9eRiv+abZ63OrLgZu/m5nucc9w1\nuthTiFnURLg0c6xknspiURv3/EEUDFLID+ak7Ernje/4XG8bWwr663af11MCAwEA\nAQKCAgEAkhDJGFwqWFlFSom4wgEAsJTCRqDuhPudapxV1Ep9Om1IZgkeNFu0SMqB\nCKp20igK6BvkNc3OcAQxctfmZ14NlUgo/PwMs/ugbTXXMK5obgGVfQLpvPo7dgxF\nci/ccX463q2VJqzt1QvneOnexJDI/QNrKW7HNO2eerx0d4BFkqCwlJzW56TkM1np\n5O21VeiwTYdFKeuHIFw5dSRCxLF5i299wo3+0m80RKM7YZxmf0fAemKHWUQEABj5\n5k/kTIaZZmVa5w4m9b5MKg5Xg448YJDOI2c1mZuoveKxSivqA2RsIK1ET9XXX+5p\njKzZ9iYBk9VMKAQsWABdU4ooPw2H3SGraofAcIUMlZ5qFwhd2tJkm9Sp+0AtfFjH\nk8rhHPIMNclb5ahSE2lI4d3t/AAFodpW6ggUX+GOQbatozvn6PJ8Sbrpkhs0gIo5\nOVhYSTCEedgFShux93cB/8UMQdJdzgRJnDkme9T4h9t/NISPhUUCkQxB9ty1AyVq\nwrMwSF026//DK2FeRAqjnxba/PCq6G2cOKlZdxuuhEC8Qd1xfUhEaOh9vppXzcoA\nsguHqdIrsbZP7w1gocx+XWiKAzEHAQghvspa4bxjMis5y2L+7k+Z+xXjHM0dckOv\nu3IOkLMnTnSsIniWpcc29wWYZmyXdNbs2gs7EzQjlQ086aLvyEECggEBANBnIN1t\nldUJgUPeFL8IELjFzYWPeMXUZACXYk0GPpMTGOynpk2xGPsLdIYsCiFwqpGtX/Ot\nCvYg53tKO0ldH7dzN6LGdCuZAOP0MDSFPxAwvLcxQdEq0Q6MA2+j+dY6uu5UIvSM\nEjBC6EqvcjYtiehGyhgDqTeDbQMpd2O2SRrk3689a8yrh83Hw5T5HKVzO0zU0aHI\n341JCPaRM49UBaWSq8mdrRZqBdnztJ1r77qaPOodGOOGpwlhnEEUZ9DoWDRI5lFG\nRToBrzjMMqc0c12fATzeIJDXbqNIu972oK+R9JyzlQRJppYYoc4oAacmTqCtni+/\nv2yH+sAHayxM/6cCggEBAOhRaja4jnBv9Hu6XqnV2DMQxN1sGSfUM0bygIXJP3la\npCUS8yHSU4Xrh80/6a+jNWXkxEMhwWBA4lRblfbbmX4H459gOvDOu3ofBfiUq10A\n/Rd1P6rA2WSywmPd2X1NfeuZjtnYfHeHN7loSKy+dd9jwfoKqUAgscOy9NYSDZ4x\nG40lr24//JBstNbCrBDe1MDf6BHVB5FuuOhn4saM2aeuAN2PhO9g1LpDvuQ4moxj\nRXrf+xG4vOZaCpOp9Ti5dji8C4NuWy0hbCrqiTA/ILRX8lHTuZhlfE/iVDL5l5TW\nN5yda+oTQQC8jD1qdtszgxcEzj+RbyvP5oo5GcL5AHUCggEAWSY0neRZ+wcU3/Zp\ng4qstI4RK/hC3sXLfaFEsNRiAkJiICJbdtKyb/nnf9no/4MVxDmZWUEF9mH/A/Ou\nRuTqQ2yrORuR6HCMO/dig6UYZBGlOOx+Tj71rTZh5ekMYANBoeAmD9y3jyOgAQrq\nXZi/bLiTjRBL2+6BvJ+JbgM1ZKbRtUIeEjCyaGnzFZA3G+OeU3CauI2Ya/T5O5jD\nqKV1wO1sRVQJDhSOqjyhX9Ije/ys4C1QT0xzugSidgiHnIs36C3jMJNR282Kqk5X\nwMUkMMFrIyGWZr9xmbHshCWWeWSDcmEz9uCWvZCN7wWYJ2uwqPV8PMrW1VOaBXlm\n9E1/8wKCAQBx4L681hjUWrywDborbCyPU4/8reli0azVATgo3G5l0R2XIsPVd2ED\ny2GFJegp9UnOiaX+9kPxJ70J9t7648hItBtK24Po2J2jjiOCJ3Ycn8hwQEQWMnQd\n3VZWV8AtoNexrlMMzAavHLQfCVRegPoMp7zFEYbHbX9V25oSeUT9nzrPJILq+yiV\nrwOyJjjsCB6n8Nm0LAWKr4iqO4o5I3/ppuy7rodOQ9vi9iRTgL+ZQ2wigDp1BGZs\nUATRP0V6KccepmbKZUUCSVjZbKAU60zfuiCJJczbPBwEmIAHgLth9OPLvIrScd+y\nObpQvKhIaObAWNW06VhiVIXAiZ7sKNylAoIBAQDAHrDm3F7QplEv7Ab5dnOpyUxl\n2tY7v6xNuk2BEL4ToOLOTePYZnUkwk3WXMqyoDFCcL7/vMvV/nNzbBs0O3oCFcm0\nluPubiLKoQ5cY6XYhqVILbCohXgEdrqWMLpV8X7PWkewOnr/S8MqKgZiYhCSRFHn\nglmgXV/BsXPcGHHP9ys6DHjwWeePOYkhiaTCQTItYebO8cqTLjqtkYgqQh5R+zeG\nMf3w2RY5+b6hznT3v0OObAfk3fVx4AKF7+1DnYOKpsOaPRubBHvwV0jP4huiu9x+\ng9cE7zEzBQL22thhLrUFGDRirEsvjr9ftOzbxeZviK09eCrGxHnioB/P8jLa\n-----END RSA PRIVATE KEY-----\n",
            "private_key_pem_pkcs8": "-----BEGIN PRIVATE KEY-----\nMIIJQwIBADANBgkqhkiG9w0BAQEFAASCCS0wggkpAgEAAoICAQC9H7zhUPon6dCt\n5gpWJsaX1tMa15rgSfnM5+14x3uigZJybs4ZIuGOIpqUOmyALSPj34f/7eUKp5lY\nIcqrA01rdFFvQRIWIlVrIiGdtPMTG6cjsGfnlNHVt2OmHxFIrrHFsn6/O0yF0KR1\nv/KjyTPmpyW8Ey6XBtrwZY3rJVTIEspVmn/2RJoJyDrn9r7qbIyYQSgadx+90mi4\np6GwZKjKMQFDwGbGQF4iBo4LXltXGtMjlLRv5KJaNsEo4Axxq8oCVykhlqDQUo0X\nUYmzO64uRhKiMmExVDZY/gNiBivbVX4k8stYTEQV4OSAdQxbHoGwPqJmIGQp0hAK\n4axKjzAWpd5bBsVwpmfVDOp+bXa1ajywDScbL0p1umNjyWhlQvoEjW2i9yOW4kvj\nzNiPlV1cymtxIFf2aCz2TaQ/wlI9ICTIbfzU7RlCaPfWVK5LvZRXq5s6UTa859J9\n1yDqGWMUkWENi+NEd2tt2AZ+VaaTkXzGfbLlF9kLCzr7XkDkPqVNXbkkuJoOECcq\n1ANrjD1kdXkJMjtM6B+Kb1eeVdB/x/DE1VYY79qsySHyNnlQWH9et7NDSMyOcmyu\nMIHkb+4L15GK/5ptnrc6suBm7+bme5xz3DW62FOIWdREuDRzrGSeymJRG/f8QRQM\nUsgP5qTsSueN7/hcbxtbCvrrdp/XUwIDAQABAoICAQCSEMkYXCpYWUVKibjCAQCw\nlMJGoO6E+51qnFXUSn06bUhmCR40W7RIyoEIqnbSKAroG+Q1zc5wBDFy1+ZnXg2V\nSCj8/Ayz+6BtNdcwrmhuAZV9Aum8+jt2DEVyL9xxfjrerZUmrO3VC+d46d7EkMj9\nA2spbsc07Z56vHR3gEWSoLCUnNbnpOQzWenk7bVV6LBNh0Up64cgXDl1JELEsXmL\nb33Cjf7SbzREozthnGZ/R8B6YodZRAQAGPnmT+RMhplmZVrnDib1vkwqDleDjjxg\nkM4jZzWZm6i94rFKK+oDZGwgrURP1ddf7mmMrNn2JgGT1UwoBCxYAF1Tiig/DYfd\nIatqh8BwhQyVnmoXCF3a0mSb1Kn7QC18WMeTyuEc8gw1yVvlqFITaUjh3e38AAWh\n2lbqCBRf4Y5Btq2jO+fo8nxJuumSGzSAijk5WFhJMIR52AVKG7H3dwH/xQxB0l3O\nBEmcOSZ71PiH2380hI+FRQKRDEH23LUDJWrCszBIXTbr/8MrYV5ECqOfFtr88Kro\nbZw4qVl3G66EQLxB3XF9SERo6H2+mlfNygCyC4ep0iuxtk/vDWChzH5daIoDMQcB\nCCG+ylrhvGMyKznLYv7uT5n7FeMczR1yQ6+7cg6QsydOdKwieJalxzb3BZhmbJd0\n1uzaCzsTNCOVDTzpou/IQQKCAQEA0Gcg3W2V1QmBQ94UvwgQuMXNhY94xdRkAJdi\nTQY+kxMY7KemTbEY+wt0hiwKIXCqka1f860K9iDne0o7SV0ft3M3osZ0K5kA4/Qw\nNIU/EDC8tzFB0SrRDowDb6P51jq67lQi9IwSMELoSq9yNi2J6EbKGAOpN4NtAyl3\nY7ZJGuTfrz1rzKuHzcfDlPkcpXM7TNTRocjfjUkI9pEzj1QFpZKryZ2tFmoF2fO0\nnWvvupo86h0Y44anCWGcQRRn0OhYNEjmUUZFOgGvOMwypzRzXZ8BPN4gkNduo0i7\n3vagr5H0nLOVBEmmlhihzigBpyZOoK2eL7+/bIf6wAdrLEz/pwKCAQEA6FFqNriO\ncG/0e7peqdXYMxDE3WwZJ9QzRvKAhck/eVqkJRLzIdJTheuHzT/pr6M1ZeTEQyHB\nYEDiVFuV9tuZfgfjn2A68M67eh8F+JSrXQD9F3U/qsDZZLLCY93ZfU1965mO2dh8\nd4c3uWhIrL5132PB+gqpQCCxw7L01hINnjEbjSWvbj/8kGy01sKsEN7UwN/oEdUH\nkW646GfixozZp64A3Y+E72DUukO+5DiajGNFet/7Ebi85loKk6n1OLl2OLwLg25b\nLSFsKuqJMD8gtFfyUdO5mGV8T+JUMvmXlNY3nJ1r6hNBALyMPWp22zODFwTOP5Fv\nK8/mijkZwvkAdQKCAQBZJjSd5Fn7BxTf9mmDiqy0jhEr+ELexct9oUSw1GICQmIg\nIlt20rJv+ed/2ej/gxXEOZlZQQX2Yf8D865G5OpDbKs5G5HocIw792KDpRhkEaU4\n7H5OPvWtNmHl6QxgA0Gh4CYP3LePI6ABCupdmL9suJONEEvb7oG8n4luAzVkptG1\nQh4SMLJoafMVkDcb455TcJq4jZhr9Pk7mMOopXXA7WxFVAkOFI6qPKFf0iN7/Kzg\nLVBPTHO6BKJ2CIecizfoLeMwk1HbzYqqTlfAxSQwwWsjIZZmv3GZseyEJZZ5ZINy\nYTP24Ja9kI3vBZgna7Co9Xw8ytbVU5oFeWb0TX/zAoIBAHHgvrzWGNRavLANuits\nLI9Tj/yt6WLRrNUBOCjcbmXRHZciw9V3YQPLYYUl6Cn1Sc6Jpf72Q/EnvQn23vrj\nyEi0G0rbg+jYnaOOI4IndhyfyHBARBYydB3dVlZXwC2g17GuUwzMBq8ctB8JVF6A\n+gynvMURhsdtf1XbmhJ5RP2fOs8kgur7KJWvA7ImOOwIHqfw2bQsBYqviKo7ijkj\nf+mm7Luuh05D2+L2JFOAv5lDbCKAOnUEZmxQBNE/RXopxx6mZsplRQJJWNlsoBTr\nTN+6IIklzNs8HASYgAeAu2H048u8itJx37I5ulC8qEho5sBY1bTpWGJUhcCJnuwo\n3KUCggEBAMAesObcXtCmUS/sBvl2c6nJTGXa1ju/rE26TYEQvhOg4s5N49hmdSTC\nTdZcyrKgMUJwvv+8y9X+c3NsGzQ7egIVybSW4+5uIsqhDlxjpdiGpUgtsKiFeAR2\nupYwulXxfs9aR7A6ev9LwyoqBmJiEJJEUeeCWaBdX8Gxc9wYcc/3KzoMePBZ5485\niSGJpMJBMi1h5s7xypMuOq2RiCpCHlH7N4Yx/fDZFjn5vqHOdPe/Q45sB+Td9XHg\nAoXv7UOdg4qmw5o9G5sEe/BXSM/iG6K73H6D1wTvMTMFAvba2GEutQUYNGKsSy+O\nv1+07NvF5m+IrT14KsbEeeKgH8/yMto=\n-----END PRIVATE KEY-----\n",
            "public_key_fingerprint_md5": "8f:4c:1c:95:75:fd:66:ae:b6:ac:52:bc:3b:fe:e2:30",
            "public_key_fingerprint_sha256": "SHA256:QSr8Ps0VY4T9V7i1EXK2koS7fOnIoMmc2/bwhyL895g",
            "public_key_openssh": "ssh-rsa AAAAB3NzaC1yc2EAAAADAQABAAACAQC9H7zhUPon6dCt5gpWJsaX1tMa15rgSfnM5+14x3uigZJybs4ZIuGOIpqUOmyALSPj34f/7eUKp5lYIcqrA01rdFFvQRIWIlVrIiGdtPMTG6cjsGfnlNHVt2OmHxFIrrHFsn6/O0yF0KR1v/KjyTPmpyW8Ey6XBtrwZY3rJVTIEspVmn/2RJoJyDrn9r7qbIyYQSgadx+90mi4p6GwZKjKMQFDwGbGQF4iBo4LXltXGtMjlLRv5KJaNsEo4Axxq8oCVykhlqDQUo0XUYmzO64uRhKiMmExVDZY/gNiBivbVX4k8stYTEQV4OSAdQxbHoGwPqJmIGQp0hAK4axKjzAWpd5bBsVwpmfVDOp+bXa1ajywDScbL0p1umNjyWhlQvoEjW2i9yOW4kvjzNiPlV1cymtxIFf2aCz2TaQ/wlI9ICTIbfzU7RlCaPfWVK5LvZRXq5s6UTa859J91yDqGWMUkWENi+NEd2tt2AZ+VaaTkXzGfbLlF9kLCzr7XkDkPqVNXbkkuJoOECcq1ANrjD1kdXkJMjtM6B+Kb1eeVdB/x/DE1VYY79qsySHyNnlQWH9et7NDSMyOcmyuMIHkb+4L15GK/5ptnrc6suBm7+bme5xz3DW62FOIWdREuDRzrGSeymJRG/f8QRQMUsgP5qTsSueN7/hcbxtbCvrrdp/XUw==\n",
            "public_key_pem": "-----BEGIN PUBLIC KEY-----\nMIICIjANBgkqhkiG9w0BAQEFAAOCAg8AMIICCgKCAgEAvR+84VD6J+nQreYKVibG\nl9bTGtea4En5zOfteMd7ooGScm7OGSLhjiKalDpsgC0j49+H/+3lCqeZWCHKqwNN\na3RRb0ESFiJVayIhnbTzExunI7Bn55TR1bdjph8RSK6xxbJ+vztMhdCkdb/yo8kz\n5qclvBMulwba8GWN6yVUyBLKVZp/9kSaCcg65/a+6myMmEEoGncfvdJouKehsGSo\nyjEBQ8BmxkBeIgaOC15bVxrTI5S0b+SiWjbBKOAMcavKAlcpIZag0FKNF1GJszuu\nLkYSojJhMVQ2WP4DYgYr21V+JPLLWExEFeDkgHUMWx6BsD6iZiBkKdIQCuGsSo8w\nFqXeWwbFcKZn1Qzqfm12tWo8sA0nGy9KdbpjY8loZUL6BI1tovcjluJL48zYj5Vd\nXMprcSBX9mgs9k2kP8JSPSAkyG381O0ZQmj31lSuS72UV6ubOlE2vOfSfdcg6hlj\nFJFhDYvjRHdrbdgGflWmk5F8xn2y5RfZCws6+15A5D6lTV25JLiaDhAnKtQDa4w9\nZHV5CTI7TOgfim9XnlXQf8fwxNVWGO/arMkh8jZ5UFh/XrezQ0jMjnJsrjCB5G/u\nC9eRiv+abZ63OrLgZu/m5nucc9w1uthTiFnURLg0c6xknspiURv3/EEUDFLID+ak\n7Ernje/4XG8bWwr663af11MCAwEAAQ==\n-----END PUBLIC KEY-----\n",
            "rsa_bits": 4096
          },
          "sensitive_attributes": []
        }
      ]
    }
  ],
  "check_results": null
}
